
Microsoft Visual Studio Solution File, Format Version 12.00
# Visual Studio Version 17
VisualStudioVersion = 17.2.32630.192
MinimumVisualStudioVersion = 10.0.40219.1
Project("{9A19103F-16F7-4668-BE54-9A1E7A4F7556}") = "Projections", "Projections.csproj", "{8EB7D72B-3F9D-4586-9FDA-CE8549DDE3F0}"
EndProject
Global
	GlobalSection(SolutionConfigurationPlatforms) = preSolution
		Debug|Any CPU = Debug|Any CPU
		Release|Any CPU = Release|Any CPU
	EndGlobalSection
	GlobalSection(ProjectConfigurationPlatforms) = postSolution
		{8EB7D72B-3F9D-4586-9FDA-CE8549DDE3F0}.Debug|Any CPU.ActiveCfg = Debug|Any CPU
		{8EB7D72B-3F9D-4586-9FDA-CE8549DDE3F0}.Debug|Any CPU.Build.0 = Debug|Any CPU
		{8EB7D72B-3F9D-4586-9FDA-CE8549DDE3F0}.Release|Any CPU.ActiveCfg = Release|Any CPU
		{8EB7D72B-3F9D-4586-9FDA-CE8549DDE3F0}.Release|Any CPU.Build.0 = Release|Any CPU
	EndGlobalSection
	GlobalSection(SolutionProperties) = preSolution
		HideSolutionNode = FALSE
	EndGlobalSection
	GlobalSection(ExtensibilityGlobals) = postSolution
		SolutionGuid = {E998F569-C608-49DA-98F1-7D710EC199F1}
	EndGlobalSection
EndGlobal
